
Microsoft Visual Studio Solution File, Format Version 12.00
# Visual Studio 15
VisualStudioVersion = 15.0.28010.0
MinimumVisualStudioVersion = 10.0.40219.1
Project("{F184B08F-C81C-45F6-A57F-5ABD9991F28F}") = "DEP Excel Ribbon", "DEP Excel Ribbon\DEP Excel Ribbon.vbproj", "{AFBDFF59-E884-437E-AFAC-987958D63D8B}"
EndProject
Global
	GlobalSection(SolutionConfigurationPlatforms) = preSolution
		Debug|Any CPU = Debug|Any CPU
		Release|Any CPU = Release|Any CPU
	EndGlobalSection
	GlobalSection(ProjectConfigurationPlatforms) = postSolution
		{AFBDFF59-E884-437E-AFAC-987958D63D8B}.Debug|Any CPU.ActiveCfg = Debug|Any CPU
		{AFBDFF59-E884-437E-AFAC-987958D63D8B}.Debug|Any CPU.Build.0 = Debug|Any CPU
		{AFBDFF59-E884-437E-AFAC-987958D63D8B}.Release|Any CPU.ActiveCfg = Release|Any CPU
		{AFBDFF59-E884-437E-AFAC-987958D63D8B}.Release|Any CPU.Build.0 = Release|Any CPU
	EndGlobalSection
	GlobalSection(SolutionProperties) = preSolution
		HideSolutionNode = FALSE
	EndGlobalSection
	GlobalSection(ExtensibilityGlobals) = postSolution
		SolutionGuid = {13EF0048-E233-4601-842B-45B76A57DBE1}
	EndGlobalSection
EndGlobal
